
Microsoft Visual Studio Solution File, Format Version 12.00
# Visual Studio Version 16
VisualStudioVersion = 16.0.30804.86
MinimumVisualStudioVersion = 10.0.40219.1
Project("{9A19103F-16F7-4668-BE54-9A1E7A4F7556}") = "Lab2Csharp", "Lab2Csharp\Lab2Csharp.csproj", "{C95035B9-2D16-4FE0-967A-DFDF0F563FAF}"
EndProject
Project("{FAE04EC0-301F-11D3-BF4B-00C04F79EFBC}") = "Shapelibrary", "Shapelibrary\Shapelibrary.csproj", "{F019B1CB-7B15-4C87-9F27-A89B51D03D3C}"
EndProject
Global
	GlobalSection(SolutionConfigurationPlatforms) = preSolution
		Debug|Any CPU = Debug|Any CPU
		Release|Any CPU = Release|Any CPU
	EndGlobalSection
	GlobalSection(ProjectConfigurationPlatforms) = postSolution
		{C95035B9-2D16-4FE0-967A-DFDF0F563FAF}.Debug|Any CPU.ActiveCfg = Debug|Any CPU
		{C95035B9-2D16-4FE0-967A-DFDF0F563FAF}.Debug|Any CPU.Build.0 = Debug|Any CPU
		{C95035B9-2D16-4FE0-967A-DFDF0F563FAF}.Release|Any CPU.ActiveCfg = Release|Any CPU
		{C95035B9-2D16-4FE0-967A-DFDF0F563FAF}.Release|Any CPU.Build.0 = Release|Any CPU
		{F019B1CB-7B15-4C87-9F27-A89B51D03D3C}.Debug|Any CPU.ActiveCfg = Debug|Any CPU
		{F019B1CB-7B15-4C87-9F27-A89B51D03D3C}.Debug|Any CPU.Build.0 = Debug|Any CPU
		{F019B1CB-7B15-4C87-9F27-A89B51D03D3C}.Release|Any CPU.ActiveCfg = Release|Any CPU
		{F019B1CB-7B15-4C87-9F27-A89B51D03D3C}.Release|Any CPU.Build.0 = Release|Any CPU
	EndGlobalSection
	GlobalSection(SolutionProperties) = preSolution
		HideSolutionNode = FALSE
	EndGlobalSection
	GlobalSection(ExtensibilityGlobals) = postSolution
		SolutionGuid = {DB1E76AA-CEDD-4DA5-9143-7A580BA89B04}
	EndGlobalSection
EndGlobal
